
Microsoft Visual Studio Solution File, Format Version 12.00
# Visual Studio Version 17
VisualStudioVersion = 17.5.33530.505
MinimumVisualStudioVersion = 10.0.40219.1
Project("{FAE04EC0-301F-11D3-BF4B-00C04F79EFBC}") = "QueryPerformance", "QueryPerformance\QueryPerformance.csproj", "{B68DB76F-BBC4-439C-8BE5-FFD6C2B8163B}"
EndProject
Global
	GlobalSection(SolutionConfigurationPlatforms) = preSolution
		Debug|Any CPU = Debug|Any CPU
		Release|Any CPU = Release|Any CPU
	EndGlobalSection
	GlobalSection(ProjectConfigurationPlatforms) = postSolution
		{B68DB76F-BBC4-439C-8BE5-FFD6C2B8163B}.Debug|Any CPU.ActiveCfg = Debug|Any CPU
		{B68DB76F-BBC4-439C-8BE5-FFD6C2B8163B}.Debug|Any CPU.Build.0 = Debug|Any CPU
		{B68DB76F-BBC4-439C-8BE5-FFD6C2B8163B}.Release|Any CPU.ActiveCfg = Release|Any CPU
		{B68DB76F-BBC4-439C-8BE5-FFD6C2B8163B}.Release|Any CPU.Build.0 = Release|Any CPU
	EndGlobalSection
	GlobalSection(SolutionProperties) = preSolution
		HideSolutionNode = FALSE
	EndGlobalSection
	GlobalSection(ExtensibilityGlobals) = postSolution
		SolutionGuid = {1CC362E4-F95B-46C4-98D2-7EE904BC86A4}
	EndGlobalSection
EndGlobal
